// !$*UTF8*$!
{
	archiveVersion = 1;
	classes = {
	};
	objectVersion = 56;
	objects = {

/* Begin PBXBuildFile section */
		3D3AD99D29A42C570052E998 /* SettingsView.swift in Sources */ = {isa = PBXBuildFile; fileRef = 3D3AD99C29A42C570052E998 /* SettingsView.swift */; };
		3D3AD9A029A502920052E998 /* MessageData.swift in Sources */ = {isa = PBXBuildFile; fileRef = 3D3AD99F29A502920052E998 /* MessageData.swift */; };
		3D3AD9B729A78B730052E998 /* ListView.swift in Sources */ = {isa = PBXBuildFile; fileRef = 3D3AD9B629A78B730052E998 /* ListView.swift */; };
		3D3AD9B929A78B950052E998 /* ListRowView.swift in Sources */ = {isa = PBXBuildFile; fileRef = 3D3AD9B829A78B950052E998 /* ListRowView.swift */; };
		3D3AD9BB29A78BA40052E998 /* AddView.swift in Sources */ = {isa = PBXBuildFile; fileRef = 3D3AD9BA29A78BA40052E998 /* AddView.swift */; };
		3D3AD9BD29A78BB00052E998 /* NoItemsView.swift in Sources */ = {isa = PBXBuildFile; fileRef = 3D3AD9BC29A78BB00052E998 /* NoItemsView.swift */; };
		3D3AD9BF29A78BD00052E998 /* ListViewModel.swift in Sources */ = {isa = PBXBuildFile; fileRef = 3D3AD9BE29A78BD00052E998 /* ListViewModel.swift */; };
		3D3AD9C129A78C550052E998 /* ItemModel.swift in Sources */ = {isa = PBXBuildFile; fileRef = 3D3AD9C029A78C550052E998 /* ItemModel.swift */; };
		3DCD965C29969B1C005F996C /* m3taChatAIApp.swift in Sources */ = {isa = PBXBuildFile; fileRef = 3DCD965B29969B1C005F996C /* m3taChatAIApp.swift */; };
		3DCD965E29969B1C005F996C /* ContentView.swift in Sources */ = {isa = PBXBuildFile; fileRef = 3DCD965D29969B1C005F996C /* ContentView.swift */; };
		3DCD966029969B1D005F996C /* Assets.xcassets in Resources */ = {isa = PBXBuildFile; fileRef = 3DCD965F29969B1D005F996C /* Assets.xcassets */; };
		3DCD966329969B1D005F996C /* Preview Assets.xcassets in Resources */ = {isa = PBXBuildFile; fileRef = 3DCD966229969B1D005F996C /* Preview Assets.xcassets */; };
		3DCD966B29969C03005F996C /* OpenAISwift in Frameworks */ = {isa = PBXBuildFile; productRef = 3DCD966A29969C03005F996C /* OpenAISwift */; };
		3DCD966E29969CE1005F996C /* ViewModel.swift in Sources */ = {isa = PBXBuildFile; fileRef = 3DCD966D29969CE1005F996C /* ViewModel.swift */; };
		3DCD96712997163B005F996C /* ChatView.swift in Sources */ = {isa = PBXBuildFile; fileRef = 3DCD96702997163B005F996C /* ChatView.swift */; };
		3DCD967329971B3D005F996C /* CustomTabBar.swift in Sources */ = {isa = PBXBuildFile; fileRef = 3DCD967229971B3D005F996C /* CustomTabBar.swift */; };
		3DCD967529971B6E005F996C /* TabCurve.swift in Sources */ = {isa = PBXBuildFile; fileRef = 3DCD967429971B6E005F996C /* TabCurve.swift */; };
		3DCD967729971D3E005F996C /* Home.swift in Sources */ = {isa = PBXBuildFile; fileRef = 3DCD967629971D3E005F996C /* Home.swift */; };
		3DCD967929972116005F996C /* HeaderView.swift in Sources */ = {isa = PBXBuildFile; fileRef = 3DCD967829972116005F996C /* HeaderView.swift */; };
		3DCD967B29972167005F996C /* RoundedShape.swift in Sources */ = {isa = PBXBuildFile; fileRef = 3DCD967A29972167005F996C /* RoundedShape.swift */; };
/* End PBXBuildFile section */

/* Begin PBXFileReference section */
		3D3AD99C29A42C570052E998 /* SettingsView.swift */ = {isa = PBXFileReference; lastKnownFileType = sourcecode.swift; path = SettingsView.swift; sourceTree = "<group>"; };
		3D3AD99F29A502920052E998 /* MessageData.swift */ = {isa = PBXFileReference; lastKnownFileType = sourcecode.swift; path = MessageData.swift; sourceTree = "<group>"; };
		3D3AD9B629A78B730052E998 /* ListView.swift */ = {isa = PBXFileReference; lastKnownFileType = sourcecode.swift; path = ListView.swift; sourceTree = "<group>"; };
		3D3AD9B829A78B950052E998 /* ListRowView.swift */ = {isa = PBXFileReference; lastKnownFileType = sourcecode.swift; path = ListRowView.swift; sourceTree = "<group>"; };
		3D3AD9BA29A78BA40052E998 /* AddView.swift */ = {isa = PBXFileReference; lastKnownFileType = sourcecode.swift; path = AddView.swift; sourceTree = "<group>"; };
		3D3AD9BC29A78BB00052E998 /* NoItemsView.swift */ = {isa = PBXFileReference; lastKnownFileType = sourcecode.swift; path = NoItemsView.swift; sourceTree = "<group>"; };
		3D3AD9BE29A78BD00052E998 /* ListViewModel.swift */ = {isa = PBXFileReference; lastKnownFileType = sourcecode.swift; path = ListViewModel.swift; sourceTree = "<group>"; };
		3D3AD9C029A78C550052E998 /* ItemModel.swift */ = {isa = PBXFileReference; lastKnownFileType = sourcecode.swift; path = ItemModel.swift; sourceTree = "<group>"; };
		3DCD965829969B1C005F996C /* m3taChatAI.app */ = {isa = PBXFileReference; explicitFileType = wrapper.application; includeInIndex = 0; path = m3taChatAI.app; sourceTree = BUILT_PRODUCTS_DIR; };
		3DCD965B29969B1C005F996C /* m3taChatAIApp.swift */ = {isa = PBXFileReference; lastKnownFileType = sourcecode.swift; path = m3taChatAIApp.swift; sourceTree = "<group>"; };
		3DCD965D29969B1C005F996C /* ContentView.swift */ = {isa = PBXFileReference; lastKnownFileType = sourcecode.swift; path = ContentView.swift; sourceTree = "<group>"; };
		3DCD965F29969B1D005F996C /* Assets.xcassets */ = {isa = PBXFileReference; lastKnownFileType = folder.assetcatalog; path = Assets.xcassets; sourceTree = "<group>"; };
		3DCD966229969B1D005F996C /* Preview Assets.xcassets */ = {isa = PBXFileReference; lastKnownFileType = folder.assetcatalog; path = "Preview Assets.xcassets"; sourceTree = "<group>"; };
		3DCD966D29969CE1005F996C /* ViewModel.swift */ = {isa = PBXFileReference; lastKnownFileType = sourcecode.swift; path = ViewModel.swift; sourceTree = "<group>"; };
		3DCD96702997163B005F996C /* ChatView.swift */ = {isa = PBXFileReference; lastKnownFileType = sourcecode.swift; path = ChatView.swift; sourceTree = "<group>"; };
		3DCD967229971B3D005F996C /* CustomTabBar.swift */ = {isa = PBXFileReference; lastKnownFileType = sourcecode.swift; path = CustomTabBar.swift; sourceTree = "<group>"; };
		3DCD967429971B6E005F996C /* TabCurve.swift */ = {isa = PBXFileReference; lastKnownFileType = sourcecode.swift; path = TabCurve.swift; sourceTree = "<group>"; };
		3DCD967629971D3E005F996C /* Home.swift */ = {isa = PBXFileReference; lastKnownFileType = sourcecode.swift; path = Home.swift; sourceTree = "<group>"; };
		3DCD967829972116005F996C /* HeaderView.swift */ = {isa = PBXFileReference; lastKnownFileType = sourcecode.swift; path = HeaderView.swift; sourceTree = "<group>"; };
		3DCD967A29972167005F996C /* RoundedShape.swift */ = {isa = PBXFileReference; lastKnownFileType = sourcecode.swift; path = RoundedShape.swift; sourceTree = "<group>"; };
/* End PBXFileReference section */

/* Begin PBXFrameworksBuildPhase section */
		3DCD965529969B1C005F996C /* Frameworks */ = {
			isa = PBXFrameworksBuildPhase;
			buildActionMask = 2147483647;
			files = (
				3DCD966B29969C03005F996C /* OpenAISwift in Frameworks */,
			);
			runOnlyForDeploymentPostprocessing = 0;
		};
/* End PBXFrameworksBuildPhase section */

/* Begin PBXGroup section */
		3D3AD9A129A5064A0052E998 /* Models */ = {
			isa = PBXGroup;
			children = (
				3D3AD99F29A502920052E998 /* MessageData.swift */,
				3D3AD9C029A78C550052E998 /* ItemModel.swift */,
			);
			path = Models;
			sourceTree = "<group>";
		};
		3D3AD9A229A50D300052E998 /* CustomTabView */ = {
			isa = PBXGroup;
			children = (
				3DCD967429971B6E005F996C /* TabCurve.swift */,
				3DCD967229971B3D005F996C /* CustomTabBar.swift */,
			);
			path = CustomTabView;
			sourceTree = "<group>";
		};
		3D3AD9A329A50D4B0052E998 /* ChatView */ = {
			isa = PBXGroup;
			children = (
				3DCD96702997163B005F996C /* ChatView.swift */,
			);
			path = ChatView;
			sourceTree = "<group>";
		};
		3D3AD9A429A50D5D0052E998 /* HomeView */ = {
			isa = PBXGroup;
			children = (
				3DCD967829972116005F996C /* HeaderView.swift */,
				3DCD967629971D3E005F996C /* Home.swift */,
			);
			path = HomeView;
			sourceTree = "<group>";
		};
		3D3AD9A529A50D700052E998 /* SettingsView */ = {
			isa = PBXGroup;
			children = (
				3D3AD99C29A42C570052E998 /* SettingsView.swift */,
			);
			path = SettingsView;
			sourceTree = "<group>";
		};
		3D3AD9B529A78B640052E998 /* To Do View */ = {
			isa = PBXGroup;
			children = (
				3D3AD9B629A78B730052E998 /* ListView.swift */,
				3D3AD9B829A78B950052E998 /* ListRowView.swift */,
				3D3AD9BA29A78BA40052E998 /* AddView.swift */,
				3D3AD9BC29A78BB00052E998 /* NoItemsView.swift */,
			);
			path = "To Do View";
			sourceTree = "<group>";
		};
		3DCD964F29969B1C005F996C = {
			isa = PBXGroup;
			children = (
				3DCD965A29969B1C005F996C /* m3taChatAI */,
				3DCD965929969B1C005F996C /* Products */,
			);
			sourceTree = "<group>";
		};
		3DCD965929969B1C005F996C /* Products */ = {
			isa = PBXGroup;
			children = (
				3DCD965829969B1C005F996C /* m3taChatAI.app */,
			);
			name = Products;
			sourceTree = "<group>";
		};
		3DCD965A29969B1C005F996C /* m3taChatAI */ = {
			isa = PBXGroup;
			children = (
				3D3AD9A129A5064A0052E998 /* Models */,
				3DCD966F29971621005F996C /* Views */,
				3DCD966C29969CD2005F996C /* ViewModel */,
				3DCD965B29969B1C005F996C /* m3taChatAIApp.swift */,
				3DCD965D29969B1C005F996C /* ContentView.swift */,
				3DCD965F29969B1D005F996C /* Assets.xcassets */,
				3DCD966129969B1D005F996C /* Preview Content */,
				3DCD967A29972167005F996C /* RoundedShape.swift */,
			);
			path = m3taChatAI;
			sourceTree = "<group>";
		};
		3DCD966129969B1D005F996C /* Preview Content */ = {
			isa = PBXGroup;
			children = (
				3DCD966229969B1D005F996C /* Preview Assets.xcassets */,
			);
			path = "Preview Content";
			sourceTree = "<group>";
		};
		3DCD966C29969CD2005F996C /* ViewModel */ = {
			isa = PBXGroup;
			children = (
				3DCD966D29969CE1005F996C /* ViewModel.swift */,
				3D3AD9BE29A78BD00052E998 /* ListViewModel.swift */,
			);
			path = ViewModel;
			sourceTree = "<group>";
		};
		3DCD966F29971621005F996C /* Views */ = {
			isa = PBXGroup;
			children = (
				3D3AD9B529A78B640052E998 /* To Do View */,
				3D3AD9A529A50D700052E998 /* SettingsView */,
				3D3AD9A429A50D5D0052E998 /* HomeView */,
				3D3AD9A329A50D4B0052E998 /* ChatView */,
				3D3AD9A229A50D300052E998 /* CustomTabView */,
			);
			path = Views;
			sourceTree = "<group>";
		};
/* End PBXGroup section */

/* Begin PBXNativeTarget section */
		3DCD965729969B1C005F996C /* m3taChatAI */ = {
			isa = PBXNativeTarget;
			buildConfigurationList = 3DCD966629969B1D005F996C /* Build configuration list for PBXNativeTarget "m3taChatAI" */;
			buildPhases = (
				3DCD965429969B1C005F996C /* Sources */,
				3DCD965529969B1C005F996C /* Frameworks */,
				3DCD965629969B1C005F996C /* Resources */,
			);
			buildRules = (
			);
			dependencies = (
			);
			name = m3taChatAI;
			packageProductDependencies = (
				3DCD966A29969C03005F996C /* OpenAISwift */,
			);
			productName = m3taChatAI;
			productReference = 3DCD965829969B1C005F996C /* m3taChatAI.app */;
			productType = "com.apple.product-type.application";
		};
/* End PBXNativeTarget section */

/* Begin PBXProject section */
		3DCD965029969B1C005F996C /* Project object */ = {
			isa = PBXProject;
			attributes = {
				BuildIndependentTargetsInParallel = 1;
				LastSwiftUpdateCheck = 1420;
				LastUpgradeCheck = 1420;
				TargetAttributes = {
					3DCD965729969B1C005F996C = {
						CreatedOnToolsVersion = 14.2;
					};
				};
			};
			buildConfigurationList = 3DCD965329969B1C005F996C /* Build configuration list for PBXProject "m3taChatAI" */;
			compatibilityVersion = "Xcode 14.0";
			developmentRegion = en;
			hasScannedForEncodings = 0;
			knownRegions = (
				en,
				Base,
			);
			mainGroup = 3DCD964F29969B1C005F996C;
			packageReferences = (
				3DCD966929969C03005F996C /* XCRemoteSwiftPackageReference "OpenAISwift" */,
			);
			productRefGroup = 3DCD965929969B1C005F996C /* Products */;
			projectDirPath = "";
			projectRoot = "";
			targets = (
				3DCD965729969B1C005F996C /* m3taChatAI */,
			);
		};
/* End PBXProject section */

/* Begin PBXResourcesBuildPhase section */
		3DCD965629969B1C005F996C /* Resources */ = {
			isa = PBXResourcesBuildPhase;
			buildActionMask = 2147483647;
			files = (
				3DCD966329969B1D005F996C /* Preview Assets.xcassets in Resources */,
				3DCD966029969B1D005F996C /* Assets.xcassets in Resources */,
			);
			runOnlyForDeploymentPostprocessing = 0;
		};
/* End PBXResourcesBuildPhase section */

/* Begin PBXSourcesBuildPhase section */
		3DCD965429969B1C005F996C /* Sources */ = {
			isa = PBXSourcesBuildPhase;
			buildActionMask = 2147483647;
			files = (
				3D3AD9C129A78C550052E998 /* ItemModel.swift in Sources */,
				3D3AD9BB29A78BA40052E998 /* AddView.swift in Sources */,
				3D3AD9A029A502920052E998 /* MessageData.swift in Sources */,
				3DCD96712997163B005F996C /* ChatView.swift in Sources */,
				3D3AD9B729A78B730052E998 /* ListView.swift in Sources */,
				3DCD967529971B6E005F996C /* TabCurve.swift in Sources */,
				3DCD967B29972167005F996C /* RoundedShape.swift in Sources */,
				3D3AD9BF29A78BD00052E998 /* ListViewModel.swift in Sources */,
				3DCD967329971B3D005F996C /* CustomTabBar.swift in Sources */,
				3D3AD9B929A78B950052E998 /* ListRowView.swift in Sources */,
				3DCD965E29969B1C005F996C /* ContentView.swift in Sources */,
				3D3AD99D29A42C570052E998 /* SettingsView.swift in Sources */,
				3DCD966E29969CE1005F996C /* ViewModel.swift in Sources */,
				3DCD965C29969B1C005F996C /* m3taChatAIApp.swift in Sources */,
				3DCD967729971D3E005F996C /* Home.swift in Sources */,
				3DCD967929972116005F996C /* HeaderView.swift in Sources */,
				3D3AD9BD29A78BB00052E998 /* NoItemsView.swift in Sources */,
			);
			runOnlyForDeploymentPostprocessing = 0;
		};
/* End PBXSourcesBuildPhase section */

/* Begin XCBuildConfiguration section */
		3DCD966429969B1D005F996C /* Debug */ = {
			isa = XCBuildConfiguration;
			buildSettings = {
				ALWAYS_SEARCH_USER_PATHS = NO;
				CLANG_ANALYZER_NONNULL = YES;
				CLANG_ANALYZER_NUMBER_OBJECT_CONVERSION = YES_AGGRESSIVE;
				CLANG_CXX_LANGUAGE_STANDARD = "gnu++20";
				CLANG_ENABLE_MODULES = YES;
				CLANG_ENABLE_OBJC_ARC = YES;
				CLANG_ENABLE_OBJC_WEAK = YES;
				CLANG_WARN_BLOCK_CAPTURE_AUTORELEASING = YES;
				CLANG_WARN_BOOL_CONVERSION = YES;
				CLANG_WARN_COMMA = YES;
				CLANG_WARN_CONSTANT_CONVERSION = YES;
				CLANG_WARN_DEPRECATED_OBJC_IMPLEMENTATIONS = YES;
				CLANG_WARN_DIRECT_OBJC_ISA_USAGE = YES_ERROR;
				CLANG_WARN_DOCUMENTATION_COMMENTS = YES;
				CLANG_WARN_EMPTY_BODY = YES;
				CLANG_WARN_ENUM_CONVERSION = YES;
				CLANG_WARN_INFINITE_RECURSION = YES;
				CLANG_WARN_INT_CONVERSION = YES;
				CLANG_WARN_NON_LITERAL_NULL_CONVERSION = YES;
				CLANG_WARN_OBJC_IMPLICIT_RETAIN_SELF = YES;
				CLANG_WARN_OBJC_LITERAL_CONVERSION = YES;
				CLANG_WARN_OBJC_ROOT_CLASS = YES_ERROR;
				CLANG_WARN_QUOTED_INCLUDE_IN_FRAMEWORK_HEADER = YES;
				CLANG_WARN_RANGE_LOOP_ANALYSIS = YES;
				CLANG_WARN_STRICT_PROTOTYPES = YES;
				CLANG_WARN_SUSPICIOUS_MOVE = YES;
				CLANG_WARN_UNGUARDED_AVAILABILITY = YES_AGGRESSIVE;
				CLANG_WARN_UNREACHABLE_CODE = YES;
				CLANG_WARN__DUPLICATE_METHOD_MATCH = YES;
				COPY_PHASE_STRIP = NO;
				DEBUG_INFORMATION_FORMAT = dwarf;
				ENABLE_STRICT_OBJC_MSGSEND = YES;
				ENABLE_TESTABILITY = YES;
				GCC_C_LANGUAGE_STANDARD = gnu11;
				GCC_DYNAMIC_NO_PIC = NO;
				GCC_NO_COMMON_BLOCKS = YES;
				GCC_OPTIMIZATION_LEVEL = 0;
				GCC_PREPROCESSOR_DEFINITIONS = (
					"DEBUG=1",
					"$(inherited)",
				);
				GCC_WARN_64_TO_32_BIT_CONVERSION = YES;
				GCC_WARN_ABOUT_RETURN_TYPE = YES_ERROR;
				GCC_WARN_UNDECLARED_SELECTOR = YES;
				GCC_WARN_UNINITIALIZED_AUTOS = YES_AGGRESSIVE;
				GCC_WARN_UNUSED_FUNCTION = YES;
				GCC_WARN_UNUSED_VARIABLE = YES;
				IPHONEOS_DEPLOYMENT_TARGET = 16.2;
				MTL_ENABLE_DEBUG_INFO = INCLUDE_SOURCE;
				MTL_FAST_MATH = YES;
				ONLY_ACTIVE_ARCH = YES;
				SDKROOT = iphoneos;
				SWIFT_ACTIVE_COMPILATION_CONDITIONS = DEBUG;
				SWIFT_OPTIMIZATION_LEVEL = "-Onone";
			};
			name = Debug;
		};
		3DCD966529969B1D005F996C /* Release */ = {
			isa = XCBuildConfiguration;
			buildSettings = {
				ALWAYS_SEARCH_USER_PATHS = NO;
				CLANG_ANALYZER_NONNULL = YES;
				CLANG_ANALYZER_NUMBER_OBJECT_CONVERSION = YES_AGGRESSIVE;
				CLANG_CXX_LANGUAGE_STANDARD = "gnu++20";
				CLANG_ENABLE_MODULES = YES;
				CLANG_ENABLE_OBJC_ARC = YES;
				CLANG_ENABLE_OBJC_WEAK = YES;
				CLANG_WARN_BLOCK_CAPTURE_AUTORELEASING = YES;
				CLANG_WARN_BOOL_CONVERSION = YES;
				CLANG_WARN_COMMA = YES;
				CLANG_WARN_CONSTANT_CONVERSION = YES;
				CLANG_WARN_DEPRECATED_OBJC_IMPLEMENTATIONS = YES;
				CLANG_WARN_DIRECT_OBJC_ISA_USAGE = YES_ERROR;
				CLANG_WARN_DOCUMENTATION_COMMENTS = YES;
				CLANG_WARN_EMPTY_BODY = YES;
				CLANG_WARN_ENUM_CONVERSION = YES;
				CLANG_WARN_INFINITE_RECURSION = YES;
				CLANG_WARN_INT_CONVERSION = YES;
				CLANG_WARN_NON_LITERAL_NULL_CONVERSION = YES;
				CLANG_WARN_OBJC_IMPLICIT_RETAIN_SELF = YES;
				CLANG_WARN_OBJC_LITERAL_CONVERSION = YES;
				CLANG_WARN_OBJC_ROOT_CLASS = YES_ERROR;
				CLANG_WARN_QUOTED_INCLUDE_IN_FRAMEWORK_HEADER = YES;
				CLANG_WARN_RANGE_LOOP_ANALYSIS = YES;
				CLANG_WARN_STRICT_PROTOTYPES = YES;
				CLANG_WARN_SUSPICIOUS_MOVE = YES;
				CLANG_WARN_UNGUARDED_AVAILABILITY = YES_AGGRESSIVE;
				CLANG_WARN_UNREACHABLE_CODE = YES;
				CLANG_WARN__DUPLICATE_METHOD_MATCH = YES;
				COPY_PHASE_STRIP = NO;
				DEBUG_INFORMATION_FORMAT = "dwarf-with-dsym";
				ENABLE_NS_ASSERTIONS = NO;
				ENABLE_STRICT_OBJC_MSGSEND = YES;
				GCC_C_LANGUAGE_STANDARD = gnu11;
				GCC_NO_COMMON_BLOCKS = YES;
				GCC_WARN_64_TO_32_BIT_CONVERSION = YES;
				GCC_WARN_ABOUT_RETURN_TYPE = YES_ERROR;
				GCC_WARN_UNDECLARED_SELECTOR = YES;
				GCC_WARN_UNINITIALIZED_AUTOS = YES_AGGRESSIVE;
				GCC_WARN_UNUSED_FUNCTION = YES;
				GCC_WARN_UNUSED_VARIABLE = YES;
				IPHONEOS_DEPLOYMENT_TARGET = 16.2;
				MTL_ENABLE_DEBUG_INFO = NO;
				MTL_FAST_MATH = YES;
				SDKROOT = iphoneos;
				SWIFT_COMPILATION_MODE = wholemodule;
				SWIFT_OPTIMIZATION_LEVEL = "-O";
				VALIDATE_PRODUCT = YES;
			};
			name = Release;
		};
		3DCD966729969B1D005F996C /* Debug */ = {
			isa = XCBuildConfiguration;
			buildSettings = {
				ASSETCATALOG_COMPILER_APPICON_NAME = AppIcon;
				ASSETCATALOG_COMPILER_GLOBAL_ACCENT_COLOR_NAME = AccentColor;
				CODE_SIGN_STYLE = Automatic;
				CURRENT_PROJECT_VERSION = 1;
				DEVELOPMENT_ASSET_PATHS = "\"m3taChatAI/Preview Content\"";
				DEVELOPMENT_TEAM = BXM644C92R;
				ENABLE_PREVIEWS = YES;
				GENERATE_INFOPLIST_FILE = YES;
				INFOPLIST_KEY_UIApplicationSceneManifest_Generation = YES;
				INFOPLIST_KEY_UIApplicationSupportsIndirectInputEvents = YES;
				INFOPLIST_KEY_UILaunchScreen_Generation = YES;
				INFOPLIST_KEY_UISupportedInterfaceOrientations_iPad = "UIInterfaceOrientationPortrait UIInterfaceOrientationPortraitUpsideDown UIInterfaceOrientationLandscapeLeft UIInterfaceOrientationLandscapeRight";
				INFOPLIST_KEY_UISupportedInterfaceOrientations_iPhone = "UIInterfaceOrientationPortrait UIInterfaceOrientationLandscapeLeft UIInterfaceOrientationLandscapeRight";
				LD_RUNPATH_SEARCH_PATHS = (
					"$(inherited)",
					"@executable_path/Frameworks",
				);
				MARKETING_VERSION = 1.0;
				PRODUCT_BUNDLE_IDENTIFIER = "de.syntax-institut.m3taChatAI";
				PRODUCT_NAME = "$(TARGET_NAME)";
				SWIFT_EMIT_LOC_STRINGS = YES;
				SWIFT_VERSION = 5.0;
				TARGETED_DEVICE_FAMILY = "1,2";
			};
			name = Debug;
		};
		3DCD966829969B1D005F996C /* Release */ = {
			isa = XCBuildConfiguration;
			buildSettings = {
				ASSETCATALOG_COMPILER_APPICON_NAME = AppIcon;
				ASSETCATALOG_COMPILER_GLOBAL_ACCENT_COLOR_NAME = AccentColor;
				CODE_SIGN_STYLE = Automatic;
				CURRENT_PROJECT_VERSION = 1;
				DEVELOPMENT_ASSET_PATHS = "\"m3taChatAI/Preview Content\"";
				DEVELOPMENT_TEAM = BXM644C92R;
				ENABLE_PREVIEWS = YES;
				GENERATE_INFOPLIST_FILE = YES;
				INFOPLIST_KEY_UIApplicationSceneManifest_Generation = YES;
				INFOPLIST_KEY_UIApplicationSupportsIndirectInputEvents = YES;
				INFOPLIST_KEY_UILaunchScreen_Generation = YES;
				INFOPLIST_KEY_UISupportedInterfaceOrientations_iPad = "UIInterfaceOrientationPortrait UIInterfaceOrientationPortraitUpsideDown UIInterfaceOrientationLandscapeLeft UIInterfaceOrientationLandscapeRight";
				INFOPLIST_KEY_UISupportedInterfaceOrientations_iPhone = "UIInterfaceOrientationPortrait UIInterfaceOrientationLandscapeLeft UIInterfaceOrientationLandscapeRight";
				LD_RUNPATH_SEARCH_PATHS = (
					"$(inherited)",
					"@executable_path/Frameworks",
				);
				MARKETING_VERSION = 1.0;
				PRODUCT_BUNDLE_IDENTIFIER = "de.syntax-institut.m3taChatAI";
				PRODUCT_NAME = "$(TARGET_NAME)";
				SWIFT_EMIT_LOC_STRINGS = YES;
				SWIFT_VERSION = 5.0;
				TARGETED_DEVICE_FAMILY = "1,2";
			};
			name = Release;
		};
/* End XCBuildConfiguration section */

/* Begin XCConfigurationList section */
		3DCD965329969B1C005F996C /* Build configuration list for PBXProject "m3taChatAI" */ = {
			isa = XCConfigurationList;
			buildConfigurations = (
				3DCD966429969B1D005F996C /* Debug */,
				3DCD966529969B1D005F996C /* Release */,
			);
			defaultConfigurationIsVisible = 0;
			defaultConfigurationName = Release;
		};
		3DCD966629969B1D005F996C /* Build configuration list for PBXNativeTarget "m3taChatAI" */ = {
			isa = XCConfigurationList;
			buildConfigurations = (
				3DCD966729969B1D005F996C /* Debug */,
				3DCD966829969B1D005F996C /* Release */,
			);
			defaultConfigurationIsVisible = 0;
			defaultConfigurationName = Release;
		};
/* End XCConfigurationList section */

/* Begin XCRemoteSwiftPackageReference section */
		3DCD966929969C03005F996C /* XCRemoteSwiftPackageReference "OpenAISwift" */ = {
			isa = XCRemoteSwiftPackageReference;
			repositoryURL = "https://github.com/adamrushy/OpenAISwift";
			requirement = {
				kind = upToNextMajorVersion;
				minimumVersion = 1.0.0;
			};
		};
/* End XCRemoteSwiftPackageReference section */

/* Begin XCSwiftPackageProductDependency section */
		3DCD966A29969C03005F996C /* OpenAISwift */ = {
			isa = XCSwiftPackageProductDependency;
			package = 3DCD966929969C03005F996C /* XCRemoteSwiftPackageReference "OpenAISwift" */;
			productName = OpenAISwift;
		};
/* End XCSwiftPackageProductDependency section */
	};
	rootObject = 3DCD965029969B1C005F996C /* Project object */;
}
